
Microsoft Visual Studio Solution File, Format Version 12.00
# Visual Studio 2012
Project("{FAE04EC0-301F-11D3-BF4B-00C04F79EFBC}") = "xKnight", "xKnight\xKnight.csproj", "{A109074D-939B-4428-904E-B5E593274EF2}"
EndProject
Project("{FAE04EC0-301F-11D3-BF4B-00C04F79EFBC}") = "xKnight.FormExtracting", "xKnight.FormExtractor\xKnight.FormExtracting.csproj", "{7F8B843D-5D1F-44CB-A191-1548DBD29CD2}"
EndProject
Project("{FAE04EC0-301F-11D3-BF4B-00C04F79EFBC}") = "xKnight.Attacking", "xKnight.Attacker\xKnight.Attacking.csproj", "{53ADCBCF-B328-4040-9914-F56013299AA0}"
EndProject
Project("{FAE04EC0-301F-11D3-BF4B-00C04F79EFBC}") = "xKnight.Reporting", "xKnight.Reporter\xKnight.Reporting.csproj", "{515929F5-8A88-47E7-A543-F0A3FA8B0E0A}"
EndProject
Project("{FAE04EC0-301F-11D3-BF4B-00C04F79EFBC}") = "xKnight.Analyzing", "xKnight.Analyzer\xKnight.Analyzing.csproj", "{6DD18B4D-243B-4A68-978E-622E1E53D968}"
EndProject
Project("{FAE04EC0-301F-11D3-BF4B-00C04F79EFBC}") = "xKnight.WebCrawling", "xKnight.WebCrawler\xKnight.WebCrawling.csproj", "{6D8CA3EE-94A1-40D8-88B4-0CF63300DAEF}"
EndProject
Project("{FAE04EC0-301F-11D3-BF4B-00C04F79EFBC}") = "xKnight.Models", "xKnight.Models\xKnight.Models.csproj", "{4E5C84E0-754A-4BE7-B994-0E5A85BF6B26}"
EndProject
Project("{F088123C-0E9E-452A-89E6-6BA2F21D5CAC}") = "xKnight.Modeling", "xKnight.Modeling\xKnight.Modeling.modelproj", "{D20A3928-D049-4C3A-A67A-2B9D485DDDC8}"
EndProject
Project("{00D1A9C2-B5F0-4AF3-8072-F6C62B433612}") = "xKnight.Database", "xKnight.Database\xKnight.Database.sqlproj", "{5FBFAD5D-8DF7-4402-A86E-87F26F11AA8B}"
EndProject
Project("{6141683F-8A12-4E36-9623-2EB02B2C2303}") = "Xknight.Setup", "Xknight.Setup\Xknight.Setup.isproj", "{31C2D1E1-CC79-4607-99E1-FDDC2A081E76}"
EndProject
Global
	GlobalSection(SolutionConfigurationPlatforms) = preSolution
		CD_ROM|Any CPU = CD_ROM|Any CPU
		CD_ROM|Mixed Platforms = CD_ROM|Mixed Platforms
		CD_ROM|x86 = CD_ROM|x86
		Debug|Any CPU = Debug|Any CPU
		Debug|Mixed Platforms = Debug|Mixed Platforms
		Debug|x86 = Debug|x86
		DVD-5|Any CPU = DVD-5|Any CPU
		DVD-5|Mixed Platforms = DVD-5|Mixed Platforms
		DVD-5|x86 = DVD-5|x86
		Release|Any CPU = Release|Any CPU
		Release|Mixed Platforms = Release|Mixed Platforms
		Release|x86 = Release|x86
		SingleImage|Any CPU = SingleImage|Any CPU
		SingleImage|Mixed Platforms = SingleImage|Mixed Platforms
		SingleImage|x86 = SingleImage|x86
	EndGlobalSection
	GlobalSection(ProjectConfigurationPlatforms) = postSolution
		{A109074D-939B-4428-904E-B5E593274EF2}.CD_ROM|Any CPU.ActiveCfg = Release|x86
		{A109074D-939B-4428-904E-B5E593274EF2}.CD_ROM|Mixed Platforms.ActiveCfg = Release|x86
		{A109074D-939B-4428-904E-B5E593274EF2}.CD_ROM|Mixed Platforms.Build.0 = Release|x86
		{A109074D-939B-4428-904E-B5E593274EF2}.CD_ROM|x86.ActiveCfg = Release|x86
		{A109074D-939B-4428-904E-B5E593274EF2}.CD_ROM|x86.Build.0 = Release|x86
		{A109074D-939B-4428-904E-B5E593274EF2}.Debug|Any CPU.ActiveCfg = Debug|x86
		{A109074D-939B-4428-904E-B5E593274EF2}.Debug|Mixed Platforms.ActiveCfg = Debug|x86
		{A109074D-939B-4428-904E-B5E593274EF2}.Debug|Mixed Platforms.Build.0 = Debug|x86
		{A109074D-939B-4428-904E-B5E593274EF2}.Debug|x86.ActiveCfg = Debug|x86
		{A109074D-939B-4428-904E-B5E593274EF2}.Debug|x86.Build.0 = Debug|x86
		{A109074D-939B-4428-904E-B5E593274EF2}.DVD-5|Any CPU.ActiveCfg = Debug|x86
		{A109074D-939B-4428-904E-B5E593274EF2}.DVD-5|Mixed Platforms.ActiveCfg = Debug|x86
		{A109074D-939B-4428-904E-B5E593274EF2}.DVD-5|Mixed Platforms.Build.0 = Debug|x86
		{A109074D-939B-4428-904E-B5E593274EF2}.DVD-5|x86.ActiveCfg = Debug|x86
		{A109074D-939B-4428-904E-B5E593274EF2}.DVD-5|x86.Build.0 = Debug|x86
		{A109074D-939B-4428-904E-B5E593274EF2}.Release|Any CPU.ActiveCfg = Release|x86
		{A109074D-939B-4428-904E-B5E593274EF2}.Release|Mixed Platforms.ActiveCfg = Release|x86
		{A109074D-939B-4428-904E-B5E593274EF2}.Release|Mixed Platforms.Build.0 = Release|x86
		{A109074D-939B-4428-904E-B5E593274EF2}.Release|x86.ActiveCfg = Release|x86
		{A109074D-939B-4428-904E-B5E593274EF2}.Release|x86.Build.0 = Release|x86
		{A109074D-939B-4428-904E-B5E593274EF2}.SingleImage|Any CPU.ActiveCfg = Release|x86
		{A109074D-939B-4428-904E-B5E593274EF2}.SingleImage|Mixed Platforms.ActiveCfg = Release|x86
		{A109074D-939B-4428-904E-B5E593274EF2}.SingleImage|Mixed Platforms.Build.0 = Release|x86
		{A109074D-939B-4428-904E-B5E593274EF2}.SingleImage|x86.ActiveCfg = Release|x86
		{A109074D-939B-4428-904E-B5E593274EF2}.SingleImage|x86.Build.0 = Release|x86
		{7F8B843D-5D1F-44CB-A191-1548DBD29CD2}.CD_ROM|Any CPU.ActiveCfg = Release|x86
		{7F8B843D-5D1F-44CB-A191-1548DBD29CD2}.CD_ROM|Mixed Platforms.ActiveCfg = Release|x86
		{7F8B843D-5D1F-44CB-A191-1548DBD29CD2}.CD_ROM|Mixed Platforms.Build.0 = Release|x86
		{7F8B843D-5D1F-44CB-A191-1548DBD29CD2}.CD_ROM|x86.ActiveCfg = Release|x86
		{7F8B843D-5D1F-44CB-A191-1548DBD29CD2}.CD_ROM|x86.Build.0 = Release|x86
		{7F8B843D-5D1F-44CB-A191-1548DBD29CD2}.Debug|Any CPU.ActiveCfg = Debug|x86
		{7F8B843D-5D1F-44CB-A191-1548DBD29CD2}.Debug|Mixed Platforms.ActiveCfg = Debug|x86
		{7F8B843D-5D1F-44CB-A191-1548DBD29CD2}.Debug|Mixed Platforms.Build.0 = Debug|x86
		{7F8B843D-5D1F-44CB-A191-1548DBD29CD2}.Debug|x86.ActiveCfg = Debug|x86
		{7F8B843D-5D1F-44CB-A191-1548DBD29CD2}.Debug|x86.Build.0 = Debug|x86
		{7F8B843D-5D1F-44CB-A191-1548DBD29CD2}.DVD-5|Any CPU.ActiveCfg = Debug|x86
		{7F8B843D-5D1F-44CB-A191-1548DBD29CD2}.DVD-5|Mixed Platforms.ActiveCfg = Debug|x86
		{7F8B843D-5D1F-44CB-A191-1548DBD29CD2}.DVD-5|Mixed Platforms.Build.0 = Debug|x86
		{7F8B843D-5D1F-44CB-A191-1548DBD29CD2}.DVD-5|x86.ActiveCfg = Debug|x86
		{7F8B843D-5D1F-44CB-A191-1548DBD29CD2}.DVD-5|x86.Build.0 = Debug|x86
		{7F8B843D-5D1F-44CB-A191-1548DBD29CD2}.Release|Any CPU.ActiveCfg = Release|x86
		{7F8B843D-5D1F-44CB-A191-1548DBD29CD2}.Release|Mixed Platforms.ActiveCfg = Release|x86
		{7F8B843D-5D1F-44CB-A191-1548DBD29CD2}.Release|Mixed Platforms.Build.0 = Release|x86
		{7F8B843D-5D1F-44CB-A191-1548DBD29CD2}.Release|x86.ActiveCfg = Release|x86
		{7F8B843D-5D1F-44CB-A191-1548DBD29CD2}.Release|x86.Build.0 = Release|x86
		{7F8B843D-5D1F-44CB-A191-1548DBD29CD2}.SingleImage|Any CPU.ActiveCfg = Release|x86
		{7F8B843D-5D1F-44CB-A191-1548DBD29CD2}.SingleImage|Mixed Platforms.ActiveCfg = Release|x86
		{7F8B843D-5D1F-44CB-A191-1548DBD29CD2}.SingleImage|Mixed Platforms.Build.0 = Release|x86
		{7F8B843D-5D1F-44CB-A191-1548DBD29CD2}.SingleImage|x86.ActiveCfg = Release|x86
		{7F8B843D-5D1F-44CB-A191-1548DBD29CD2}.SingleImage|x86.Build.0 = Release|x86
		{53ADCBCF-B328-4040-9914-F56013299AA0}.CD_ROM|Any CPU.ActiveCfg = Release|x86
		{53ADCBCF-B328-4040-9914-F56013299AA0}.CD_ROM|Mixed Platforms.ActiveCfg = Release|x86
		{53ADCBCF-B328-4040-9914-F56013299AA0}.CD_ROM|Mixed Platforms.Build.0 = Release|x86
		{53ADCBCF-B328-4040-9914-F56013299AA0}.CD_ROM|x86.ActiveCfg = Release|x86
		{53ADCBCF-B328-4040-9914-F56013299AA0}.CD_ROM|x86.Build.0 = Release|x86
		{53ADCBCF-B328-4040-9914-F56013299AA0}.Debug|Any CPU.ActiveCfg = Debug|x86
		{53ADCBCF-B328-4040-9914-F56013299AA0}.Debug|Mixed Platforms.ActiveCfg = Debug|x86
		{53ADCBCF-B328-4040-9914-F56013299AA0}.Debug|Mixed Platforms.Build.0 = Debug|x86
		{53ADCBCF-B328-4040-9914-F56013299AA0}.Debug|x86.ActiveCfg = Debug|x86
		{53ADCBCF-B328-4040-9914-F56013299AA0}.Debug|x86.Build.0 = Debug|x86
		{53ADCBCF-B328-4040-9914-F56013299AA0}.DVD-5|Any CPU.ActiveCfg = Debug|x86
		{53ADCBCF-B328-4040-9914-F56013299AA0}.DVD-5|Mixed Platforms.ActiveCfg = Debug|x86
		{53ADCBCF-B328-4040-9914-F56013299AA0}.DVD-5|Mixed Platforms.Build.0 = Debug|x86
		{53ADCBCF-B328-4040-9914-F56013299AA0}.DVD-5|x86.ActiveCfg = Debug|x86
		{53ADCBCF-B328-4040-9914-F56013299AA0}.DVD-5|x86.Build.0 = Debug|x86
		{53ADCBCF-B328-4040-9914-F56013299AA0}.Release|Any CPU.ActiveCfg = Release|x86
		{53ADCBCF-B328-4040-9914-F56013299AA0}.Release|Mixed Platforms.ActiveCfg = Release|x86
		{53ADCBCF-B328-4040-9914-F56013299AA0}.Release|Mixed Platforms.Build.0 = Release|x86
		{53ADCBCF-B328-4040-9914-F56013299AA0}.Release|x86.ActiveCfg = Release|x86
		{53ADCBCF-B328-4040-9914-F56013299AA0}.Release|x86.Build.0 = Release|x86
		{53ADCBCF-B328-4040-9914-F56013299AA0}.SingleImage|Any CPU.ActiveCfg = Release|x86
		{53ADCBCF-B328-4040-9914-F56013299AA0}.SingleImage|Mixed Platforms.ActiveCfg = Release|x86
		{53ADCBCF-B328-4040-9914-F56013299AA0}.SingleImage|Mixed Platforms.Build.0 = Release|x86
		{53ADCBCF-B328-4040-9914-F56013299AA0}.SingleImage|x86.ActiveCfg = Release|x86
		{53ADCBCF-B328-4040-9914-F56013299AA0}.SingleImage|x86.Build.0 = Release|x86
		{515929F5-8A88-47E7-A543-F0A3FA8B0E0A}.CD_ROM|Any CPU.ActiveCfg = Release|x86
		{515929F5-8A88-47E7-A543-F0A3FA8B0E0A}.CD_ROM|Mixed Platforms.ActiveCfg = Release|x86
		{515929F5-8A88-47E7-A543-F0A3FA8B0E0A}.CD_ROM|Mixed Platforms.Build.0 = Release|x86
		{515929F5-8A88-47E7-A543-F0A3FA8B0E0A}.CD_ROM|x86.ActiveCfg = Release|x86
		{515929F5-8A88-47E7-A543-F0A3FA8B0E0A}.CD_ROM|x86.Build.0 = Release|x86
		{515929F5-8A88-47E7-A543-F0A3FA8B0E0A}.Debug|Any CPU.ActiveCfg = Debug|x86
		{515929F5-8A88-47E7-A543-F0A3FA8B0E0A}.Debug|Mixed Platforms.ActiveCfg = Debug|x86
		{515929F5-8A88-47E7-A543-F0A3FA8B0E0A}.Debug|Mixed Platforms.Build.0 = Debug|x86
		{515929F5-8A88-47E7-A543-F0A3FA8B0E0A}.Debug|x86.ActiveCfg = Debug|x86
		{515929F5-8A88-47E7-A543-F0A3FA8B0E0A}.Debug|x86.Build.0 = Debug|x86
		{515929F5-8A88-47E7-A543-F0A3FA8B0E0A}.DVD-5|Any CPU.ActiveCfg = Debug|x86
		{515929F5-8A88-47E7-A543-F0A3FA8B0E0A}.DVD-5|Mixed Platforms.ActiveCfg = Debug|x86
		{515929F5-8A88-47E7-A543-F0A3FA8B0E0A}.DVD-5|Mixed Platforms.Build.0 = Debug|x86
		{515929F5-8A88-47E7-A543-F0A3FA8B0E0A}.DVD-5|x86.ActiveCfg = Debug|x86
		{515929F5-8A88-47E7-A543-F0A3FA8B0E0A}.DVD-5|x86.Build.0 = Debug|x86
		{515929F5-8A88-47E7-A543-F0A3FA8B0E0A}.Release|Any CPU.ActiveCfg = Release|x86
		{515929F5-8A88-47E7-A543-F0A3FA8B0E0A}.Release|Mixed Platforms.ActiveCfg = Release|x86
		{515929F5-8A88-47E7-A543-F0A3FA8B0E0A}.Release|Mixed Platforms.Build.0 = Release|x86
		{515929F5-8A88-47E7-A543-F0A3FA8B0E0A}.Release|x86.ActiveCfg = Release|x86
		{515929F5-8A88-47E7-A543-F0A3FA8B0E0A}.Release|x86.Build.0 = Release|x86
		{515929F5-8A88-47E7-A543-F0A3FA8B0E0A}.SingleImage|Any CPU.ActiveCfg = Release|x86
		{515929F5-8A88-47E7-A543-F0A3FA8B0E0A}.SingleImage|Mixed Platforms.ActiveCfg = Release|x86
		{515929F5-8A88-47E7-A543-F0A3FA8B0E0A}.SingleImage|Mixed Platforms.Build.0 = Release|x86
		{515929F5-8A88-47E7-A543-F0A3FA8B0E0A}.SingleImage|x86.ActiveCfg = Release|x86
		{515929F5-8A88-47E7-A543-F0A3FA8B0E0A}.SingleImage|x86.Build.0 = Release|x86
		{6DD18B4D-243B-4A68-978E-622E1E53D968}.CD_ROM|Any CPU.ActiveCfg = Release|x86
		{6DD18B4D-243B-4A68-978E-622E1E53D968}.CD_ROM|Mixed Platforms.ActiveCfg = Release|x86
		{6DD18B4D-243B-4A68-978E-622E1E53D968}.CD_ROM|Mixed Platforms.Build.0 = Release|x86
		{6DD18B4D-243B-4A68-978E-622E1E53D968}.CD_ROM|x86.ActiveCfg = Release|x86
		{6DD18B4D-243B-4A68-978E-622E1E53D968}.CD_ROM|x86.Build.0 = Release|x86
		{6DD18B4D-243B-4A68-978E-622E1E53D968}.Debug|Any CPU.ActiveCfg = Debug|x86
		{6DD18B4D-243B-4A68-978E-622E1E53D968}.Debug|Mixed Platforms.ActiveCfg = Debug|x86
		{6DD18B4D-243B-4A68-978E-622E1E53D968}.Debug|Mixed Platforms.Build.0 = Debug|x86
		{6DD18B4D-243B-4A68-978E-622E1E53D968}.Debug|x86.ActiveCfg = Debug|x86
		{6DD18B4D-243B-4A68-978E-622E1E53D968}.Debug|x86.Build.0 = Debug|x86
		{6DD18B4D-243B-4A68-978E-622E1E53D968}.DVD-5|Any CPU.ActiveCfg = Debug|x86
		{6DD18B4D-243B-4A68-978E-622E1E53D968}.DVD-5|Mixed Platforms.ActiveCfg = Debug|x86
		{6DD18B4D-243B-4A68-978E-622E1E53D968}.DVD-5|Mixed Platforms.Build.0 = Debug|x86
		{6DD18B4D-243B-4A68-978E-622E1E53D968}.DVD-5|x86.ActiveCfg = Debug|x86
		{6DD18B4D-243B-4A68-978E-622E1E53D968}.DVD-5|x86.Build.0 = Debug|x86
		{6DD18B4D-243B-4A68-978E-622E1E53D968}.Release|Any CPU.ActiveCfg = Release|x86
		{6DD18B4D-243B-4A68-978E-622E1E53D968}.Release|Mixed Platforms.ActiveCfg = Release|x86
		{6DD18B4D-243B-4A68-978E-622E1E53D968}.Release|Mixed Platforms.Build.0 = Release|x86
		{6DD18B4D-243B-4A68-978E-622E1E53D968}.Release|x86.ActiveCfg = Release|x86
		{6DD18B4D-243B-4A68-978E-622E1E53D968}.Release|x86.Build.0 = Release|x86
		{6DD18B4D-243B-4A68-978E-622E1E53D968}.SingleImage|Any CPU.ActiveCfg = Release|x86
		{6DD18B4D-243B-4A68-978E-622E1E53D968}.SingleImage|Mixed Platforms.ActiveCfg = Release|x86
		{6DD18B4D-243B-4A68-978E-622E1E53D968}.SingleImage|Mixed Platforms.Build.0 = Release|x86
		{6DD18B4D-243B-4A68-978E-622E1E53D968}.SingleImage|x86.ActiveCfg = Release|x86
		{6DD18B4D-243B-4A68-978E-622E1E53D968}.SingleImage|x86.Build.0 = Release|x86
		{6D8CA3EE-94A1-40D8-88B4-0CF63300DAEF}.CD_ROM|Any CPU.ActiveCfg = Release|x86
		{6D8CA3EE-94A1-40D8-88B4-0CF63300DAEF}.CD_ROM|Mixed Platforms.ActiveCfg = Release|x86
		{6D8CA3EE-94A1-40D8-88B4-0CF63300DAEF}.CD_ROM|Mixed Platforms.Build.0 = Release|x86
		{6D8CA3EE-94A1-40D8-88B4-0CF63300DAEF}.CD_ROM|x86.ActiveCfg = Release|x86
		{6D8CA3EE-94A1-40D8-88B4-0CF63300DAEF}.CD_ROM|x86.Build.0 = Release|x86
		{6D8CA3EE-94A1-40D8-88B4-0CF63300DAEF}.Debug|Any CPU.ActiveCfg = Debug|x86
		{6D8CA3EE-94A1-40D8-88B4-0CF63300DAEF}.Debug|Mixed Platforms.ActiveCfg = Debug|x86
		{6D8CA3EE-94A1-40D8-88B4-0CF63300DAEF}.Debug|Mixed Platforms.Build.0 = Debug|x86
		{6D8CA3EE-94A1-40D8-88B4-0CF63300DAEF}.Debug|x86.ActiveCfg = Debug|x86
		{6D8CA3EE-94A1-40D8-88B4-0CF63300DAEF}.Debug|x86.Build.0 = Debug|x86
		{6D8CA3EE-94A1-40D8-88B4-0CF63300DAEF}.DVD-5|Any CPU.ActiveCfg = Debug|x86
		{6D8CA3EE-94A1-40D8-88B4-0CF63300DAEF}.DVD-5|Mixed Platforms.ActiveCfg = Debug|x86
		{6D8CA3EE-94A1-40D8-88B4-0CF63300DAEF}.DVD-5|Mixed Platforms.Build.0 = Debug|x86
		{6D8CA3EE-94A1-40D8-88B4-0CF63300DAEF}.DVD-5|x86.ActiveCfg = Debug|x86
		{6D8CA3EE-94A1-40D8-88B4-0CF63300DAEF}.DVD-5|x86.Build.0 = Debug|x86
		{6D8CA3EE-94A1-40D8-88B4-0CF63300DAEF}.Release|Any CPU.ActiveCfg = Release|x86
		{6D8CA3EE-94A1-40D8-88B4-0CF63300DAEF}.Release|Mixed Platforms.ActiveCfg = Release|x86
		{6D8CA3EE-94A1-40D8-88B4-0CF63300DAEF}.Release|Mixed Platforms.Build.0 = Release|x86
		{6D8CA3EE-94A1-40D8-88B4-0CF63300DAEF}.Release|x86.ActiveCfg = Release|x86
		{6D8CA3EE-94A1-40D8-88B4-0CF63300DAEF}.Release|x86.Build.0 = Release|x86
		{6D8CA3EE-94A1-40D8-88B4-0CF63300DAEF}.SingleImage|Any CPU.ActiveCfg = Release|x86
		{6D8CA3EE-94A1-40D8-88B4-0CF63300DAEF}.SingleImage|Mixed Platforms.ActiveCfg = Release|x86
		{6D8CA3EE-94A1-40D8-88B4-0CF63300DAEF}.SingleImage|Mixed Platforms.Build.0 = Release|x86
		{6D8CA3EE-94A1-40D8-88B4-0CF63300DAEF}.SingleImage|x86.ActiveCfg = Release|x86
		{6D8CA3EE-94A1-40D8-88B4-0CF63300DAEF}.SingleImage|x86.Build.0 = Release|x86
		{4E5C84E0-754A-4BE7-B994-0E5A85BF6B26}.CD_ROM|Any CPU.ActiveCfg = Release|x86
		{4E5C84E0-754A-4BE7-B994-0E5A85BF6B26}.CD_ROM|Mixed Platforms.ActiveCfg = Release|x86
		{4E5C84E0-754A-4BE7-B994-0E5A85BF6B26}.CD_ROM|Mixed Platforms.Build.0 = Release|x86
		{4E5C84E0-754A-4BE7-B994-0E5A85BF6B26}.CD_ROM|x86.ActiveCfg = Release|x86
		{4E5C84E0-754A-4BE7-B994-0E5A85BF6B26}.CD_ROM|x86.Build.0 = Release|x86
		{4E5C84E0-754A-4BE7-B994-0E5A85BF6B26}.Debug|Any CPU.ActiveCfg = Debug|x86
		{4E5C84E0-754A-4BE7-B994-0E5A85BF6B26}.Debug|Mixed Platforms.ActiveCfg = Debug|x86
		{4E5C84E0-754A-4BE7-B994-0E5A85BF6B26}.Debug|Mixed Platforms.Build.0 = Debug|x86
		{4E5C84E0-754A-4BE7-B994-0E5A85BF6B26}.Debug|x86.ActiveCfg = Debug|x86
		{4E5C84E0-754A-4BE7-B994-0E5A85BF6B26}.Debug|x86.Build.0 = Debug|x86
		{4E5C84E0-754A-4BE7-B994-0E5A85BF6B26}.DVD-5|Any CPU.ActiveCfg = Debug|x86
		{4E5C84E0-754A-4BE7-B994-0E5A85BF6B26}.DVD-5|Mixed Platforms.ActiveCfg = Debug|x86
		{4E5C84E0-754A-4BE7-B994-0E5A85BF6B26}.DVD-5|Mixed Platforms.Build.0 = Debug|x86
		{4E5C84E0-754A-4BE7-B994-0E5A85BF6B26}.DVD-5|x86.ActiveCfg = Debug|x86
		{4E5C84E0-754A-4BE7-B994-0E5A85BF6B26}.DVD-5|x86.Build.0 = Debug|x86
		{4E5C84E0-754A-4BE7-B994-0E5A85BF6B26}.Release|Any CPU.ActiveCfg = Release|x86
		{4E5C84E0-754A-4BE7-B994-0E5A85BF6B26}.Release|Mixed Platforms.ActiveCfg = Release|x86
		{4E5C84E0-754A-4BE7-B994-0E5A85BF6B26}.Release|Mixed Platforms.Build.0 = Release|x86
		{4E5C84E0-754A-4BE7-B994-0E5A85BF6B26}.Release|x86.ActiveCfg = Release|x86
		{4E5C84E0-754A-4BE7-B994-0E5A85BF6B26}.Release|x86.Build.0 = Release|x86
		{4E5C84E0-754A-4BE7-B994-0E5A85BF6B26}.SingleImage|Any CPU.ActiveCfg = Release|x86
		{4E5C84E0-754A-4BE7-B994-0E5A85BF6B26}.SingleImage|Mixed Platforms.ActiveCfg = Release|x86
		{4E5C84E0-754A-4BE7-B994-0E5A85BF6B26}.SingleImage|Mixed Platforms.Build.0 = Release|x86
		{4E5C84E0-754A-4BE7-B994-0E5A85BF6B26}.SingleImage|x86.ActiveCfg = Release|x86
		{4E5C84E0-754A-4BE7-B994-0E5A85BF6B26}.SingleImage|x86.Build.0 = Release|x86
		{D20A3928-D049-4C3A-A67A-2B9D485DDDC8}.CD_ROM|Any CPU.ActiveCfg = Release|Any CPU
		{D20A3928-D049-4C3A-A67A-2B9D485DDDC8}.CD_ROM|Any CPU.Build.0 = Release|Any CPU
		{D20A3928-D049-4C3A-A67A-2B9D485DDDC8}.CD_ROM|Mixed Platforms.ActiveCfg = Release|Any CPU
		{D20A3928-D049-4C3A-A67A-2B9D485DDDC8}.CD_ROM|Mixed Platforms.Build.0 = Release|Any CPU
		{D20A3928-D049-4C3A-A67A-2B9D485DDDC8}.CD_ROM|x86.ActiveCfg = Release|Any CPU
		{D20A3928-D049-4C3A-A67A-2B9D485DDDC8}.Debug|Any CPU.ActiveCfg = Debug|Any CPU
		{D20A3928-D049-4C3A-A67A-2B9D485DDDC8}.Debug|Any CPU.Build.0 = Debug|Any CPU
		{D20A3928-D049-4C3A-A67A-2B9D485DDDC8}.Debug|Mixed Platforms.ActiveCfg = Debug|Any CPU
		{D20A3928-D049-4C3A-A67A-2B9D485DDDC8}.Debug|Mixed Platforms.Build.0 = Debug|Any CPU
		{D20A3928-D049-4C3A-A67A-2B9D485DDDC8}.Debug|x86.ActiveCfg = Debug|Any CPU
		{D20A3928-D049-4C3A-A67A-2B9D485DDDC8}.DVD-5|Any CPU.ActiveCfg = Debug|Any CPU
		{D20A3928-D049-4C3A-A67A-2B9D485DDDC8}.DVD-5|Any CPU.Build.0 = Debug|Any CPU
		{D20A3928-D049-4C3A-A67A-2B9D485DDDC8}.DVD-5|Mixed Platforms.ActiveCfg = Debug|Any CPU
		{D20A3928-D049-4C3A-A67A-2B9D485DDDC8}.DVD-5|Mixed Platforms.Build.0 = Debug|Any CPU
		{D20A3928-D049-4C3A-A67A-2B9D485DDDC8}.DVD-5|x86.ActiveCfg = Debug|Any CPU
		{D20A3928-D049-4C3A-A67A-2B9D485DDDC8}.Release|Any CPU.ActiveCfg = Release|Any CPU
		{D20A3928-D049-4C3A-A67A-2B9D485DDDC8}.Release|Any CPU.Build.0 = Release|Any CPU
		{D20A3928-D049-4C3A-A67A-2B9D485DDDC8}.Release|Mixed Platforms.ActiveCfg = Release|Any CPU
		{D20A3928-D049-4C3A-A67A-2B9D485DDDC8}.Release|Mixed Platforms.Build.0 = Release|Any CPU
		{D20A3928-D049-4C3A-A67A-2B9D485DDDC8}.Release|x86.ActiveCfg = Release|Any CPU
		{D20A3928-D049-4C3A-A67A-2B9D485DDDC8}.SingleImage|Any CPU.ActiveCfg = Release|Any CPU
		{D20A3928-D049-4C3A-A67A-2B9D485DDDC8}.SingleImage|Any CPU.Build.0 = Release|Any CPU
		{D20A3928-D049-4C3A-A67A-2B9D485DDDC8}.SingleImage|Mixed Platforms.ActiveCfg = Release|Any CPU
		{D20A3928-D049-4C3A-A67A-2B9D485DDDC8}.SingleImage|Mixed Platforms.Build.0 = Release|Any CPU
		{D20A3928-D049-4C3A-A67A-2B9D485DDDC8}.SingleImage|x86.ActiveCfg = Release|Any CPU
		{5FBFAD5D-8DF7-4402-A86E-87F26F11AA8B}.CD_ROM|Any CPU.ActiveCfg = Debug|Any CPU
		{5FBFAD5D-8DF7-4402-A86E-87F26F11AA8B}.CD_ROM|Any CPU.Build.0 = Debug|Any CPU
		{5FBFAD5D-8DF7-4402-A86E-87F26F11AA8B}.CD_ROM|Any CPU.Deploy.0 = Debug|Any CPU
		{5FBFAD5D-8DF7-4402-A86E-87F26F11AA8B}.CD_ROM|Mixed Platforms.ActiveCfg = Debug|Any CPU
		{5FBFAD5D-8DF7-4402-A86E-87F26F11AA8B}.CD_ROM|Mixed Platforms.Build.0 = Debug|Any CPU
		{5FBFAD5D-8DF7-4402-A86E-87F26F11AA8B}.CD_ROM|Mixed Platforms.Deploy.0 = Debug|Any CPU
		{5FBFAD5D-8DF7-4402-A86E-87F26F11AA8B}.CD_ROM|x86.ActiveCfg = Debug|Any CPU
		{5FBFAD5D-8DF7-4402-A86E-87F26F11AA8B}.Debug|Any CPU.ActiveCfg = Debug|Any CPU
		{5FBFAD5D-8DF7-4402-A86E-87F26F11AA8B}.Debug|Any CPU.Build.0 = Debug|Any CPU
		{5FBFAD5D-8DF7-4402-A86E-87F26F11AA8B}.Debug|Any CPU.Deploy.0 = Debug|Any CPU
		{5FBFAD5D-8DF7-4402-A86E-87F26F11AA8B}.Debug|Mixed Platforms.ActiveCfg = Debug|Any CPU
		{5FBFAD5D-8DF7-4402-A86E-87F26F11AA8B}.Debug|Mixed Platforms.Build.0 = Debug|Any CPU
		{5FBFAD5D-8DF7-4402-A86E-87F26F11AA8B}.Debug|Mixed Platforms.Deploy.0 = Debug|Any CPU
		{5FBFAD5D-8DF7-4402-A86E-87F26F11AA8B}.Debug|x86.ActiveCfg = Debug|Any CPU
		{5FBFAD5D-8DF7-4402-A86E-87F26F11AA8B}.DVD-5|Any CPU.ActiveCfg = Debug|Any CPU
		{5FBFAD5D-8DF7-4402-A86E-87F26F11AA8B}.DVD-5|Any CPU.Build.0 = Debug|Any CPU
		{5FBFAD5D-8DF7-4402-A86E-87F26F11AA8B}.DVD-5|Any CPU.Deploy.0 = Debug|Any CPU
		{5FBFAD5D-8DF7-4402-A86E-87F26F11AA8B}.DVD-5|Mixed Platforms.ActiveCfg = Debug|Any CPU
		{5FBFAD5D-8DF7-4402-A86E-87F26F11AA8B}.DVD-5|Mixed Platforms.Build.0 = Debug|Any CPU
		{5FBFAD5D-8DF7-4402-A86E-87F26F11AA8B}.DVD-5|Mixed Platforms.Deploy.0 = Debug|Any CPU
		{5FBFAD5D-8DF7-4402-A86E-87F26F11AA8B}.DVD-5|x86.ActiveCfg = Debug|Any CPU
		{5FBFAD5D-8DF7-4402-A86E-87F26F11AA8B}.Release|Any CPU.ActiveCfg = Release|Any CPU
		{5FBFAD5D-8DF7-4402-A86E-87F26F11AA8B}.Release|Any CPU.Build.0 = Release|Any CPU
		{5FBFAD5D-8DF7-4402-A86E-87F26F11AA8B}.Release|Any CPU.Deploy.0 = Release|Any CPU
		{5FBFAD5D-8DF7-4402-A86E-87F26F11AA8B}.Release|Mixed Platforms.ActiveCfg = Release|Any CPU
		{5FBFAD5D-8DF7-4402-A86E-87F26F11AA8B}.Release|Mixed Platforms.Build.0 = Release|Any CPU
		{5FBFAD5D-8DF7-4402-A86E-87F26F11AA8B}.Release|Mixed Platforms.Deploy.0 = Release|Any CPU
		{5FBFAD5D-8DF7-4402-A86E-87F26F11AA8B}.Release|x86.ActiveCfg = Release|Any CPU
		{5FBFAD5D-8DF7-4402-A86E-87F26F11AA8B}.SingleImage|Any CPU.ActiveCfg = Debug|Any CPU
		{5FBFAD5D-8DF7-4402-A86E-87F26F11AA8B}.SingleImage|Any CPU.Build.0 = Debug|Any CPU
		{5FBFAD5D-8DF7-4402-A86E-87F26F11AA8B}.SingleImage|Any CPU.Deploy.0 = Debug|Any CPU
		{5FBFAD5D-8DF7-4402-A86E-87F26F11AA8B}.SingleImage|Mixed Platforms.ActiveCfg = Debug|Any CPU
		{5FBFAD5D-8DF7-4402-A86E-87F26F11AA8B}.SingleImage|Mixed Platforms.Build.0 = Debug|Any CPU
		{5FBFAD5D-8DF7-4402-A86E-87F26F11AA8B}.SingleImage|Mixed Platforms.Deploy.0 = Debug|Any CPU
		{5FBFAD5D-8DF7-4402-A86E-87F26F11AA8B}.SingleImage|x86.ActiveCfg = Debug|Any CPU
		{31C2D1E1-CC79-4607-99E1-FDDC2A081E76}.CD_ROM|Any CPU.ActiveCfg = CD_ROM
		{31C2D1E1-CC79-4607-99E1-FDDC2A081E76}.CD_ROM|Any CPU.Build.0 = CD_ROM
		{31C2D1E1-CC79-4607-99E1-FDDC2A081E76}.CD_ROM|Mixed Platforms.ActiveCfg = CD_ROM
		{31C2D1E1-CC79-4607-99E1-FDDC2A081E76}.CD_ROM|Mixed Platforms.Build.0 = CD_ROM
		{31C2D1E1-CC79-4607-99E1-FDDC2A081E76}.CD_ROM|x86.ActiveCfg = CD_ROM
		{31C2D1E1-CC79-4607-99E1-FDDC2A081E76}.CD_ROM|x86.Build.0 = CD_ROM
		{31C2D1E1-CC79-4607-99E1-FDDC2A081E76}.Debug|Any CPU.ActiveCfg = DVD-5
		{31C2D1E1-CC79-4607-99E1-FDDC2A081E76}.Debug|Any CPU.Build.0 = DVD-5
		{31C2D1E1-CC79-4607-99E1-FDDC2A081E76}.Debug|Mixed Platforms.ActiveCfg = DVD-5
		{31C2D1E1-CC79-4607-99E1-FDDC2A081E76}.Debug|Mixed Platforms.Build.0 = DVD-5
		{31C2D1E1-CC79-4607-99E1-FDDC2A081E76}.Debug|x86.ActiveCfg = DVD-5
		{31C2D1E1-CC79-4607-99E1-FDDC2A081E76}.Debug|x86.Build.0 = DVD-5
		{31C2D1E1-CC79-4607-99E1-FDDC2A081E76}.DVD-5|Any CPU.ActiveCfg = DVD-5
		{31C2D1E1-CC79-4607-99E1-FDDC2A081E76}.DVD-5|Any CPU.Build.0 = DVD-5
		{31C2D1E1-CC79-4607-99E1-FDDC2A081E76}.DVD-5|Mixed Platforms.ActiveCfg = DVD-5
		{31C2D1E1-CC79-4607-99E1-FDDC2A081E76}.DVD-5|Mixed Platforms.Build.0 = DVD-5
		{31C2D1E1-CC79-4607-99E1-FDDC2A081E76}.DVD-5|x86.ActiveCfg = DVD-5
		{31C2D1E1-CC79-4607-99E1-FDDC2A081E76}.DVD-5|x86.Build.0 = DVD-5
		{31C2D1E1-CC79-4607-99E1-FDDC2A081E76}.Release|Any CPU.ActiveCfg = SingleImage
		{31C2D1E1-CC79-4607-99E1-FDDC2A081E76}.Release|Any CPU.Build.0 = SingleImage
		{31C2D1E1-CC79-4607-99E1-FDDC2A081E76}.Release|Mixed Platforms.ActiveCfg = SingleImage
		{31C2D1E1-CC79-4607-99E1-FDDC2A081E76}.Release|Mixed Platforms.Build.0 = SingleImage
		{31C2D1E1-CC79-4607-99E1-FDDC2A081E76}.Release|x86.ActiveCfg = SingleImage
		{31C2D1E1-CC79-4607-99E1-FDDC2A081E76}.Release|x86.Build.0 = SingleImage
		{31C2D1E1-CC79-4607-99E1-FDDC2A081E76}.SingleImage|Any CPU.ActiveCfg = SingleImage
		{31C2D1E1-CC79-4607-99E1-FDDC2A081E76}.SingleImage|Any CPU.Build.0 = SingleImage
		{31C2D1E1-CC79-4607-99E1-FDDC2A081E76}.SingleImage|Mixed Platforms.ActiveCfg = SingleImage
		{31C2D1E1-CC79-4607-99E1-FDDC2A081E76}.SingleImage|Mixed Platforms.Build.0 = SingleImage
		{31C2D1E1-CC79-4607-99E1-FDDC2A081E76}.SingleImage|x86.ActiveCfg = SingleImage
		{31C2D1E1-CC79-4607-99E1-FDDC2A081E76}.SingleImage|x86.Build.0 = SingleImage
	EndGlobalSection
	GlobalSection(SolutionProperties) = preSolution
		HideSolutionNode = FALSE
	EndGlobalSection
EndGlobal
